// !$*UTF8*$!
{
	archiveVersion = 1;
	classes = {
	};
	objectVersion = 50;
	objects = {

/* Begin PBXBuildFile section */
		2F7BE8E3216C2B9A0036A9EC /* AppDelegate.swift in Sources */ = {isa = PBXBuildFile; fileRef = 2F7BE8E2216C2B9A0036A9EC /* AppDelegate.swift */; };
		2F7BE8E5216C2B9A0036A9EC /* ViewController.swift in Sources */ = {isa = PBXBuildFile; fileRef = 2F7BE8E4216C2B9A0036A9EC /* ViewController.swift */; };
		2F7BE8E8216C2B9A0036A9EC /* Main.storyboard in Resources */ = {isa = PBXBuildFile; fileRef = 2F7BE8E6216C2B9A0036A9EC /* Main.storyboard */; };
		2F7BE8EA216C2B9E0036A9EC /* Assets.xcassets in Resources */ = {isa = PBXBuildFile; fileRef = 2F7BE8E9216C2B9E0036A9EC /* Assets.xcassets */; };
		2F7BE8ED216C2B9E0036A9EC /* LaunchScreen.storyboard in Resources */ = {isa = PBXBuildFile; fileRef = 2F7BE8EB216C2B9E0036A9EC /* LaunchScreen.storyboard */; };
		2F7BE8F8216C2B9E0036A9EC /* wordFunTests.swift in Sources */ = {isa = PBXBuildFile; fileRef = 2F7BE8F7216C2B9E0036A9EC /* wordFunTests.swift */; };
		2F7BE903216C2B9E0036A9EC /* wordFunUITests.swift in Sources */ = {isa = PBXBuildFile; fileRef = 2F7BE902216C2B9E0036A9EC /* wordFunUITests.swift */; };
/* End PBXBuildFile section */

/* Begin PBXContainerItemProxy section */
		2F7BE8F4216C2B9E0036A9EC /* PBXContainerItemProxy */ = {
			isa = PBXContainerItemProxy;
			containerPortal = 2F7BE8D7216C2B9A0036A9EC /* Project object */;
			proxyType = 1;
			remoteGlobalIDString = 2F7BE8DE216C2B9A0036A9EC;
			remoteInfo = wordFun;
		};
		2F7BE8FF216C2B9E0036A9EC /* PBXContainerItemProxy */ = {
			isa = PBXContainerItemProxy;
			containerPortal = 2F7BE8D7216C2B9A0036A9EC /* Project object */;
			proxyType = 1;
			remoteGlobalIDString = 2F7BE8DE216C2B9A0036A9EC;
			remoteInfo = wordFun;
		};
/* End PBXContainerItemProxy section */

/* Begin PBXFileReference section */
		2F7BE8DF216C2B9A0036A9EC /* wordFun.app */ = {isa = PBXFileReference; explicitFileType = wrapper.application; includeInIndex = 0; path = wordFun.app; sourceTree = BUILT_PRODUCTS_DIR; };
		2F7BE8E2216C2B9A0036A9EC /* AppDelegate.swift */ = {isa = PBXFileReference; lastKnownFileType = sourcecode.swift; path = AppDelegate.swift; sourceTree = "<group>"; };
		2F7BE8E4216C2B9A0036A9EC /* ViewController.swift */ = {isa = PBXFileReference; lastKnownFileType = sourcecode.swift; path = ViewController.swift; sourceTree = "<group>"; };
		2F7BE8E7216C2B9A0036A9EC /* Base */ = {isa = PBXFileReference; lastKnownFileType = file.storyboard; name = Base; path = Base.lproj/Main.storyboard; sourceTree = "<group>"; };
		2F7BE8E9216C2B9E0036A9EC /* Assets.xcassets */ = {isa = PBXFileReference; lastKnownFileType = folder.assetcatalog; path = Assets.xcassets; sourceTree = "<group>"; };
		2F7BE8EC216C2B9E0036A9EC /* Base */ = {isa = PBXFileReference; lastKnownFileType = file.storyboard; name = Base; path = Base.lproj/LaunchScreen.storyboard; sourceTree = "<group>"; };
		2F7BE8EE216C2B9E0036A9EC /* Info.plist */ = {isa = PBXFileReference; lastKnownFileType = text.plist.xml; path = Info.plist; sourceTree = "<group>"; };
		2F7BE8F3216C2B9E0036A9EC /* wordFunTests.xctest */ = {isa = PBXFileReference; explicitFileType = wrapper.cfbundle; includeInIndex = 0; path = wordFunTests.xctest; sourceTree = BUILT_PRODUCTS_DIR; };
		2F7BE8F7216C2B9E0036A9EC /* wordFunTests.swift */ = {isa = PBXFileReference; lastKnownFileType = sourcecode.swift; path = wordFunTests.swift; sourceTree = "<group>"; };
		2F7BE8F9216C2B9E0036A9EC /* Info.plist */ = {isa = PBXFileReference; lastKnownFileType = text.plist.xml; path = Info.plist; sourceTree = "<group>"; };
		2F7BE8FE216C2B9E0036A9EC /* wordFunUITests.xctest */ = {isa = PBXFileReference; explicitFileType = wrapper.cfbundle; includeInIndex = 0; path = wordFunUITests.xctest; sourceTree = BUILT_PRODUCTS_DIR; };
		2F7BE902216C2B9E0036A9EC /* wordFunUITests.swift */ = {isa = PBXFileReference; lastKnownFileType = sourcecode.swift; path = wordFunUITests.swift; sourceTree = "<group>"; };
		2F7BE904216C2B9E0036A9EC /* Info.plist */ = {isa = PBXFileReference; lastKnownFileType = text.plist.xml; path = Info.plist; sourceTree = "<group>"; };
/* End PBXFileReference section */

/* Begin PBXFrameworksBuildPhase section */
		2F7BE8DC216C2B9A0036A9EC /* Frameworks */ = {
			isa = PBXFrameworksBuildPhase;
			buildActionMask = 2147483647;
			files = (
			);
			runOnlyForDeploymentPostprocessing = 0;
		};
		2F7BE8F0216C2B9E0036A9EC /* Frameworks */ = {
			isa = PBXFrameworksBuildPhase;
			buildActionMask = 2147483647;
			files = (
			);
			runOnlyForDeploymentPostprocessing = 0;
		};
		2F7BE8FB216C2B9E0036A9EC /* Frameworks */ = {
			isa = PBXFrameworksBuildPhase;
			buildActionMask = 2147483647;
			files = (
			);
			runOnlyForDeploymentPostprocessing = 0;
		};
/* End PBXFrameworksBuildPhase section */

/* Begin PBXGroup section */
		2F7BE8D6216C2B9A0036A9EC = {
			isa = PBXGroup;
			children = (
				2F7BE8E1216C2B9A0036A9EC /* wordFun */,
				2F7BE8F6216C2B9E0036A9EC /* wordFunTests */,
				2F7BE901216C2B9E0036A9EC /* wordFunUITests */,
				2F7BE8E0216C2B9A0036A9EC /* Products */,
			);
			sourceTree = "<group>";
		};
		2F7BE8E0216C2B9A0036A9EC /* Products */ = {
			isa = PBXGroup;
			children = (
				2F7BE8DF216C2B9A0036A9EC /* wordFun.app */,
				2F7BE8F3216C2B9E0036A9EC /* wordFunTests.xctest */,
				2F7BE8FE216C2B9E0036A9EC /* wordFunUITests.xctest */,
			);
			name = Products;
			sourceTree = "<group>";
		};
		2F7BE8E1216C2B9A0036A9EC /* wordFun */ = {
			isa = PBXGroup;
			children = (
				2F7BE8E2216C2B9A0036A9EC /* AppDelegate.swift */,
				2F7BE8E4216C2B9A0036A9EC /* ViewController.swift */,
				2F7BE8E6216C2B9A0036A9EC /* Main.storyboard */,
				2F7BE8E9216C2B9E0036A9EC /* Assets.xcassets */,
				2F7BE8EB216C2B9E0036A9EC /* LaunchScreen.storyboard */,
				2F7BE8EE216C2B9E0036A9EC /* Info.plist */,
			);
			path = wordFun;
			sourceTree = "<group>";
		};
		2F7BE8F6216C2B9E0036A9EC /* wordFunTests */ = {
			isa = PBXGroup;
			children = (
				2F7BE8F7216C2B9E0036A9EC /* wordFunTests.swift */,
				2F7BE8F9216C2B9E0036A9EC /* Info.plist */,
			);
			path = wordFunTests;
			sourceTree = "<group>";
		};
		2F7BE901216C2B9E0036A9EC /* wordFunUITests */ = {
			isa = PBXGroup;
			children = (
				2F7BE902216C2B9E0036A9EC /* wordFunUITests.swift */,
				2F7BE904216C2B9E0036A9EC /* Info.plist */,
			);
			path = wordFunUITests;
			sourceTree = "<group>";
		};
/* End PBXGroup section */

/* Begin PBXNativeTarget section */
		2F7BE8DE216C2B9A0036A9EC /* wordFun */ = {
			isa = PBXNativeTarget;
			buildConfigurationList = 2F7BE907216C2B9E0036A9EC /* Build configuration list for PBXNativeTarget "wordFun" */;
			buildPhases = (
				2F7BE8DB216C2B9A0036A9EC /* Sources */,
				2F7BE8DC216C2B9A0036A9EC /* Frameworks */,
				2F7BE8DD216C2B9A0036A9EC /* Resources */,
			);
			buildRules = (
			);
			dependencies = (
			);
			name = wordFun;
			productName = wordFun;
			productReference = 2F7BE8DF216C2B9A0036A9EC /* wordFun.app */;
			productType = "com.apple.product-type.application";
		};
		2F7BE8F2216C2B9E0036A9EC /* wordFunTests */ = {
			isa = PBXNativeTarget;
			buildConfigurationList = 2F7BE90A216C2B9E0036A9EC /* Build configuration list for PBXNativeTarget "wordFunTests" */;
			buildPhases = (
				2F7BE8EF216C2B9E0036A9EC /* Sources */,
				2F7BE8F0216C2B9E0036A9EC /* Frameworks */,
				2F7BE8F1216C2B9E0036A9EC /* Resources */,
			);
			buildRules = (
			);
			dependencies = (
				2F7BE8F5216C2B9E0036A9EC /* PBXTargetDependency */,
			);
			name = wordFunTests;
			productName = wordFunTests;
			productReference = 2F7BE8F3216C2B9E0036A9EC /* wordFunTests.xctest */;
			productType = "com.apple.product-type.bundle.unit-test";
		};
		2F7BE8FD216C2B9E0036A9EC /* wordFunUITests */ = {
			isa = PBXNativeTarget;
			buildConfigurationList = 2F7BE90D216C2B9E0036A9EC /* Build configuration list for PBXNativeTarget "wordFunUITests" */;
			buildPhases = (
				2F7BE8FA216C2B9E0036A9EC /* Sources */,
				2F7BE8FB216C2B9E0036A9EC /* Frameworks */,
				2F7BE8FC216C2B9E0036A9EC /* Resources */,
			);
			buildRules = (
			);
			dependencies = (
				2F7BE900216C2B9E0036A9EC /* PBXTargetDependency */,
			);
			name = wordFunUITests;
			productName = wordFunUITests;
			productReference = 2F7BE8FE216C2B9E0036A9EC /* wordFunUITests.xctest */;
			productType = "com.apple.product-type.bundle.ui-testing";
		};
/* End PBXNativeTarget section */

/* Begin PBXProject section */
		2F7BE8D7216C2B9A0036A9EC /* Project object */ = {
			isa = PBXProject;
			attributes = {
				LastSwiftUpdateCheck = 1000;
				LastUpgradeCheck = 1000;
				ORGANIZATIONNAME = Jessie;
				TargetAttributes = {
					2F7BE8DE216C2B9A0036A9EC = {
						CreatedOnToolsVersion = 10.0;
					};
					2F7BE8F2216C2B9E0036A9EC = {
						CreatedOnToolsVersion = 10.0;
						TestTargetID = 2F7BE8DE216C2B9A0036A9EC;
					};
					2F7BE8FD216C2B9E0036A9EC = {
						CreatedOnToolsVersion = 10.0;
						TestTargetID = 2F7BE8DE216C2B9A0036A9EC;
					};
				};
			};
			buildConfigurationList = 2F7BE8DA216C2B9A0036A9EC /* Build configuration list for PBXProject "wordFun" */;
			compatibilityVersion = "Xcode 9.3";
			developmentRegion = en;
			hasScannedForEncodings = 0;
			knownRegions = (
				en,
				Base,
			);
			mainGroup = 2F7BE8D6216C2B9A0036A9EC;
			productRefGroup = 2F7BE8E0216C2B9A0036A9EC /* Products */;
			projectDirPath = "";
			projectRoot = "";
			targets = (
				2F7BE8DE216C2B9A0036A9EC /* wordFun */,
				2F7BE8F2216C2B9E0036A9EC /* wordFunTests */,
				2F7BE8FD216C2B9E0036A9EC /* wordFunUITests */,
			);
		};
/* End PBXProject section */

/* Begin PBXResourcesBuildPhase section */
		2F7BE8DD216C2B9A0036A9EC /* Resources */ = {
			isa = PBXResourcesBuildPhase;
			buildActionMask = 2147483647;
			files = (
				2F7BE8ED216C2B9E0036A9EC /* LaunchScreen.storyboard in Resources */,
				2F7BE8EA216C2B9E0036A9EC /* Assets.xcassets in Resources */,
				2F7BE8E8216C2B9A0036A9EC /* Main.storyboard in Resources */,
			);
			runOnlyForDeploymentPostprocessing = 0;
		};
		2F7BE8F1216C2B9E0036A9EC /* Resources */ = {
			isa = PBXResourcesBuildPhase;
			buildActionMask = 2147483647;
			files = (
			);
			runOnlyForDeploymentPostprocessing = 0;
		};
		2F7BE8FC216C2B9E0036A9EC /* Resources */ = {
			isa = PBXResourcesBuildPhase;
			buildActionMask = 2147483647;
			files = (
			);
			runOnlyForDeploymentPostprocessing = 0;
		};
/* End PBXResourcesBuildPhase section */

/* Begin PBXSourcesBuildPhase section */
		2F7BE8DB216C2B9A0036A9EC /* Sources */ = {
			isa = PBXSourcesBuildPhase;
			buildActionMask = 2147483647;
			files = (
				2F7BE8E5216C2B9A0036A9EC /* ViewController.swift in Sources */,
				2F7BE8E3216C2B9A0036A9EC /* AppDelegate.swift in Sources */,
			);
			runOnlyForDeploymentPostprocessing = 0;
		};
		2F7BE8EF216C2B9E0036A9EC /* Sources */ = {
			isa = PBXSourcesBuildPhase;
			buildActionMask = 2147483647;
			files = (
				2F7BE8F8216C2B9E0036A9EC /* wordFunTests.swift in Sources */,
			);
			runOnlyForDeploymentPostprocessing = 0;
		};
		2F7BE8FA216C2B9E0036A9EC /* Sources */ = {
			isa = PBXSourcesBuildPhase;
			buildActionMask = 2147483647;
			files = (
				2F7BE903216C2B9E0036A9EC /* wordFunUITests.swift in Sources */,
			);
			runOnlyForDeploymentPostprocessing = 0;
		};
/* End PBXSourcesBuildPhase section */

/* Begin PBXTargetDependency section */
		2F7BE8F5216C2B9E0036A9EC /* PBXTargetDependency */ = {
			isa = PBXTargetDependency;
			target = 2F7BE8DE216C2B9A0036A9EC /* wordFun */;
			targetProxy = 2F7BE8F4216C2B9E0036A9EC /* PBXContainerItemProxy */;
		};
		2F7BE900216C2B9E0036A9EC /* PBXTargetDependency */ = {
			isa = PBXTargetDependency;
			target = 2F7BE8DE216C2B9A0036A9EC /* wordFun */;
			targetProxy = 2F7BE8FF216C2B9E0036A9EC /* PBXContainerItemProxy */;
		};
/* End PBXTargetDependency section */

/* Begin PBXVariantGroup section */
		2F7BE8E6216C2B9A0036A9EC /* Main.storyboard */ = {
			isa = PBXVariantGroup;
			children = (
				2F7BE8E7216C2B9A0036A9EC /* Base */,
			);
			name = Main.storyboard;
			sourceTree = "<group>";
		};
		2F7BE8EB216C2B9E0036A9EC /* LaunchScreen.storyboard */ = {
			isa = PBXVariantGroup;
			children = (
				2F7BE8EC216C2B9E0036A9EC /* Base */,
			);
			name = LaunchScreen.storyboard;
			sourceTree = "<group>";
		};
/* End PBXVariantGroup section */

/* Begin XCBuildConfiguration section */
		2F7BE905216C2B9E0036A9EC /* Debug */ = {
			isa = XCBuildConfiguration;
			buildSettings = {
				ALWAYS_SEARCH_USER_PATHS = NO;
				CLANG_ANALYZER_NONNULL = YES;
				CLANG_ANALYZER_NUMBER_OBJECT_CONVERSION = YES_AGGRESSIVE;
				CLANG_CXX_LANGUAGE_STANDARD = "gnu++14";
				CLANG_CXX_LIBRARY = "libc++";
				CLANG_ENABLE_MODULES = YES;
				CLANG_ENABLE_OBJC_ARC = YES;
				CLANG_ENABLE_OBJC_WEAK = YES;
				CLANG_WARN_BLOCK_CAPTURE_AUTORELEASING = YES;
				CLANG_WARN_BOOL_CONVERSION = YES;
				CLANG_WARN_COMMA = YES;
				CLANG_WARN_CONSTANT_CONVERSION = YES;
				CLANG_WARN_DEPRECATED_OBJC_IMPLEMENTATIONS = YES;
				CLANG_WARN_DIRECT_OBJC_ISA_USAGE = YES_ERROR;
				CLANG_WARN_DOCUMENTATION_COMMENTS = YES;
				CLANG_WARN_EMPTY_BODY = YES;
				CLANG_WARN_ENUM_CONVERSION = YES;
				CLANG_WARN_INFINITE_RECURSION = YES;
				CLANG_WARN_INT_CONVERSION = YES;
				CLANG_WARN_NON_LITERAL_NULL_CONVERSION = YES;
				CLANG_WARN_OBJC_IMPLICIT_RETAIN_SELF = YES;
				CLANG_WARN_OBJC_LITERAL_CONVERSION = YES;
				CLANG_WARN_OBJC_ROOT_CLASS = YES_ERROR;
				CLANG_WARN_RANGE_LOOP_ANALYSIS = YES;
				CLANG_WARN_STRICT_PROTOTYPES = YES;
				CLANG_WARN_SUSPICIOUS_MOVE = YES;
				CLANG_WARN_UNGUARDED_AVAILABILITY = YES_AGGRESSIVE;
				CLANG_WARN_UNREACHABLE_CODE = YES;
				CLANG_WARN__DUPLICATE_METHOD_MATCH = YES;
				CODE_SIGN_IDENTITY = "iPhone Developer";
				COPY_PHASE_STRIP = NO;
				DEBUG_INFORMATION_FORMAT = dwarf;
				ENABLE_STRICT_OBJC_MSGSEND = YES;
				ENABLE_TESTABILITY = YES;
				GCC_C_LANGUAGE_STANDARD = gnu11;
				GCC_DYNAMIC_NO_PIC = NO;
				GCC_NO_COMMON_BLOCKS = YES;
				GCC_OPTIMIZATION_LEVEL = 0;
				GCC_PREPROCESSOR_DEFINITIONS = (
					"DEBUG=1",
					"$(inherited)",
				);
				GCC_WARN_64_TO_32_BIT_CONVERSION = YES;
				GCC_WARN_ABOUT_RETURN_TYPE = YES_ERROR;
				GCC_WARN_UNDECLARED_SELECTOR = YES;
				GCC_WARN_UNINITIALIZED_AUTOS = YES_AGGRESSIVE;
				GCC_WARN_UNUSED_FUNCTION = YES;
				GCC_WARN_UNUSED_VARIABLE = YES;
				IPHONEOS_DEPLOYMENT_TARGET = 12.0;
				MTL_ENABLE_DEBUG_INFO = INCLUDE_SOURCE;
				MTL_FAST_MATH = YES;
				ONLY_ACTIVE_ARCH = YES;
				SDKROOT = iphoneos;
				SWIFT_ACTIVE_COMPILATION_CONDITIONS = DEBUG;
				SWIFT_OPTIMIZATION_LEVEL = "-Onone";
			};
			name = Debug;
		};
		2F7BE906216C2B9E0036A9EC /* Release */ = {
			isa = XCBuildConfiguration;
			buildSettings = {
				ALWAYS_SEARCH_USER_PATHS = NO;
				CLANG_ANALYZER_NONNULL = YES;
				CLANG_ANALYZER_NUMBER_OBJECT_CONVERSION = YES_AGGRESSIVE;
				CLANG_CXX_LANGUAGE_STANDARD = "gnu++14";
				CLANG_CXX_LIBRARY = "libc++";
				CLANG_ENABLE_MODULES = YES;
				CLANG_ENABLE_OBJC_ARC = YES;
				CLANG_ENABLE_OBJC_WEAK = YES;
				CLANG_WARN_BLOCK_CAPTURE_AUTORELEASING = YES;
				CLANG_WARN_BOOL_CONVERSION = YES;
				CLANG_WARN_COMMA = YES;
				CLANG_WARN_CONSTANT_CONVERSION = YES;
				CLANG_WARN_DEPRECATED_OBJC_IMPLEMENTATIONS = YES;
				CLANG_WARN_DIRECT_OBJC_ISA_USAGE = YES_ERROR;
				CLANG_WARN_DOCUMENTATION_COMMENTS = YES;
				CLANG_WARN_EMPTY_BODY = YES;
				CLANG_WARN_ENUM_CONVERSION = YES;
				CLANG_WARN_INFINITE_RECURSION = YES;
				CLANG_WARN_INT_CONVERSION = YES;
				CLANG_WARN_NON_LITERAL_NULL_CONVERSION = YES;
				CLANG_WARN_OBJC_IMPLICIT_RETAIN_SELF = YES;
				CLANG_WARN_OBJC_LITERAL_CONVERSION = YES;
				CLANG_WARN_OBJC_ROOT_CLASS = YES_ERROR;
				CLANG_WARN_RANGE_LOOP_ANALYSIS = YES;
				CLANG_WARN_STRICT_PROTOTYPES = YES;
				CLANG_WARN_SUSPICIOUS_MOVE = YES;
				CLANG_WARN_UNGUARDED_AVAILABILITY = YES_AGGRESSIVE;
				CLANG_WARN_UNREACHABLE_CODE = YES;
				CLANG_WARN__DUPLICATE_METHOD_MATCH = YES;
				CODE_SIGN_IDENTITY = "iPhone Developer";
				COPY_PHASE_STRIP = NO;
				DEBUG_INFORMATION_FORMAT = "dwarf-with-dsym";
				ENABLE_NS_ASSERTIONS = NO;
				ENABLE_STRICT_OBJC_MSGSEND = YES;
				GCC_C_LANGUAGE_STANDARD = gnu11;
				GCC_NO_COMMON_BLOCKS = YES;
				GCC_WARN_64_TO_32_BIT_CONVERSION = YES;
				GCC_WARN_ABOUT_RETURN_TYPE = YES_ERROR;
				GCC_WARN_UNDECLARED_SELECTOR = YES;
				GCC_WARN_UNINITIALIZED_AUTOS = YES_AGGRESSIVE;
				GCC_WARN_UNUSED_FUNCTION = YES;
				GCC_WARN_UNUSED_VARIABLE = YES;
				IPHONEOS_DEPLOYMENT_TARGET = 12.0;
				MTL_ENABLE_DEBUG_INFO = NO;
				MTL_FAST_MATH = YES;
				SDKROOT = iphoneos;
				SWIFT_COMPILATION_MODE = wholemodule;
				SWIFT_OPTIMIZATION_LEVEL = "-O";
				VALIDATE_PRODUCT = YES;
			};
			name = Release;
		};
		2F7BE908216C2B9E0036A9EC /* Debug */ = {
			isa = XCBuildConfiguration;
			buildSettings = {
				ASSETCATALOG_COMPILER_APPICON_NAME = AppIcon;
				CODE_SIGN_STYLE = Automatic;
				INFOPLIST_FILE = wordFun/Info.plist;
				LD_RUNPATH_SEARCH_PATHS = (
					"$(inherited)",
					"@executable_path/Frameworks",
				);
				PRODUCT_BUNDLE_IDENTIFIER = com.jess.wordFun;
				PRODUCT_NAME = "$(TARGET_NAME)";
				SWIFT_VERSION = 4.2;
				TARGETED_DEVICE_FAMILY = "1,2";
			};
			name = Debug;
		};
		2F7BE909216C2B9E0036A9EC /* Release */ = {
			isa = XCBuildConfiguration;
			buildSettings = {
				ASSETCATALOG_COMPILER_APPICON_NAME = AppIcon;
				CODE_SIGN_STYLE = Automatic;
				INFOPLIST_FILE = wordFun/Info.plist;
				LD_RUNPATH_SEARCH_PATHS = (
					"$(inherited)",
					"@executable_path/Frameworks",
				);
				PRODUCT_BUNDLE_IDENTIFIER = com.jess.wordFun;
				PRODUCT_NAME = "$(TARGET_NAME)";
				SWIFT_VERSION = 4.2;
				TARGETED_DEVICE_FAMILY = "1,2";
			};
			name = Release;
		};
		2F7BE90B216C2B9E0036A9EC /* Debug */ = {
			isa = XCBuildConfiguration;
			buildSettings = {
				ALWAYS_EMBED_SWIFT_STANDARD_LIBRARIES = YES;
				BUNDLE_LOADER = "$(TEST_HOST)";
				CODE_SIGN_STYLE = Automatic;
				INFOPLIST_FILE = wordFunTests/Info.plist;
				LD_RUNPATH_SEARCH_PATHS = (
					"$(inherited)",
					"@executable_path/Frameworks",
					"@loader_path/Frameworks",
				);
				PRODUCT_BUNDLE_IDENTIFIER = com.jess.wordFunTests;
				PRODUCT_NAME = "$(TARGET_NAME)";
				SWIFT_VERSION = 4.2;
				TARGETED_DEVICE_FAMILY = "1,2";
				TEST_HOST = "$(BUILT_PRODUCTS_DIR)/wordFun.app/wordFun";
			};
			name = Debug;
		};
		2F7BE90C216C2B9E0036A9EC /* Release */ = {
			isa = XCBuildConfiguration;
			buildSettings = {
				ALWAYS_EMBED_SWIFT_STANDARD_LIBRARIES = YES;
				BUNDLE_LOADER = "$(TEST_HOST)";
				CODE_SIGN_STYLE = Automatic;
				INFOPLIST_FILE = wordFunTests/Info.plist;
				LD_RUNPATH_SEARCH_PATHS = (
					"$(inherited)",
					"@executable_path/Frameworks",
					"@loader_path/Frameworks",
				);
				PRODUCT_BUNDLE_IDENTIFIER = com.jess.wordFunTests;
				PRODUCT_NAME = "$(TARGET_NAME)";
				SWIFT_VERSION = 4.2;
				TARGETED_DEVICE_FAMILY = "1,2";
				TEST_HOST = "$(BUILT_PRODUCTS_DIR)/wordFun.app/wordFun";
			};
			name = Release;
		};
		2F7BE90E216C2B9E0036A9EC /* Debug */ = {
			isa = XCBuildConfiguration;
			buildSettings = {
				ALWAYS_EMBED_SWIFT_STANDARD_LIBRARIES = YES;
				CODE_SIGN_STYLE = Automatic;
				INFOPLIST_FILE = wordFunUITests/Info.plist;
				LD_RUNPATH_SEARCH_PATHS = (
					"$(inherited)",
					"@executable_path/Frameworks",
					"@loader_path/Frameworks",
				);
				PRODUCT_BUNDLE_IDENTIFIER = com.jess.wordFunUITests;
				PRODUCT_NAME = "$(TARGET_NAME)";
				SWIFT_VERSION = 4.2;
				TARGETED_DEVICE_FAMILY = "1,2";
				TEST_TARGET_NAME = wordFun;
			};
			name = Debug;
		};
		2F7BE90F216C2B9E0036A9EC /* Release */ = {
			isa = XCBuildConfiguration;
			buildSettings = {
				ALWAYS_EMBED_SWIFT_STANDARD_LIBRARIES = YES;
				CODE_SIGN_STYLE = Automatic;
				INFOPLIST_FILE = wordFunUITests/Info.plist;
				LD_RUNPATH_SEARCH_PATHS = (
					"$(inherited)",
					"@executable_path/Frameworks",
					"@loader_path/Frameworks",
				);
				PRODUCT_BUNDLE_IDENTIFIER = com.jess.wordFunUITests;
				PRODUCT_NAME = "$(TARGET_NAME)";
				SWIFT_VERSION = 4.2;
				TARGETED_DEVICE_FAMILY = "1,2";
				TEST_TARGET_NAME = wordFun;
			};
			name = Release;
		};
/* End XCBuildConfiguration section */

/* Begin XCConfigurationList section */
		2F7BE8DA216C2B9A0036A9EC /* Build configuration list for PBXProject "wordFun" */ = {
			isa = XCConfigurationList;
			buildConfigurations = (
				2F7BE905216C2B9E0036A9EC /* Debug */,
				2F7BE906216C2B9E0036A9EC /* Release */,
			);
			defaultConfigurationIsVisible = 0;
			defaultConfigurationName = Release;
		};
		2F7BE907216C2B9E0036A9EC /* Build configuration list for PBXNativeTarget "wordFun" */ = {
			isa = XCConfigurationList;
			buildConfigurations = (
				2F7BE908216C2B9E0036A9EC /* Debug */,
				2F7BE909216C2B9E0036A9EC /* Release */,
			);
			defaultConfigurationIsVisible = 0;
			defaultConfigurationName = Release;
		};
		2F7BE90A216C2B9E0036A9EC /* Build configuration list for PBXNativeTarget "wordFunTests" */ = {
			isa = XCConfigurationList;
			buildConfigurations = (
				2F7BE90B216C2B9E0036A9EC /* Debug */,
				2F7BE90C216C2B9E0036A9EC /* Release */,
			);
			defaultConfigurationIsVisible = 0;
			defaultConfigurationName = Release;
		};
		2F7BE90D216C2B9E0036A9EC /* Build configuration list for PBXNativeTarget "wordFunUITests" */ = {
			isa = XCConfigurationList;
			buildConfigurations = (
				2F7BE90E216C2B9E0036A9EC /* Debug */,
				2F7BE90F216C2B9E0036A9EC /* Release */,
			);
			defaultConfigurationIsVisible = 0;
			defaultConfigurationName = Release;
		};
/* End XCConfigurationList section */
	};
	rootObject = 2F7BE8D7216C2B9A0036A9EC /* Project object */;
}
